
Microsoft Visual Studio Solution File, Format Version 12.00
# Visual Studio 15
VisualStudioVersion = 15.0.27428.2015
MinimumVisualStudioVersion = 10.0.40219.1
Project("{FAE04EC0-301F-11D3-BF4B-00C04F79EFBC}") = "apiboilerplate", "apiboilerplate\apiboilerplate.csproj", "{FF56D483-4590-48E6-BFB1-C6426B055A9E}"
EndProject
Global
	GlobalSection(SolutionConfigurationPlatforms) = preSolution
		Debug|Any CPU = Debug|Any CPU
		Release|Any CPU = Release|Any CPU
	EndGlobalSection
	GlobalSection(ProjectConfigurationPlatforms) = postSolution
		{FF56D483-4590-48E6-BFB1-C6426B055A9E}.Debug|Any CPU.ActiveCfg = Debug|Any CPU
		{FF56D483-4590-48E6-BFB1-C6426B055A9E}.Debug|Any CPU.Build.0 = Debug|Any CPU
		{FF56D483-4590-48E6-BFB1-C6426B055A9E}.Release|Any CPU.ActiveCfg = Release|Any CPU
		{FF56D483-4590-48E6-BFB1-C6426B055A9E}.Release|Any CPU.Build.0 = Release|Any CPU
	EndGlobalSection
	GlobalSection(SolutionProperties) = preSolution
		HideSolutionNode = FALSE
	EndGlobalSection
	GlobalSection(ExtensibilityGlobals) = postSolution
		SolutionGuid = {5B415B73-243C-4317-A7B3-A516E440E713}
	EndGlobalSection
EndGlobal
